// !$*UTF8*$!
{
	archiveVersion = 1;
	classes = {
	};
	objectVersion = 56;
	objects = {

/* Begin PBXBuildFile section */
		D59B983A3055117F00726A96 /* find_wordsApp.swift in Sources */ = {isa = PBXBuildFile; fileRef = D59B98393055117F00726A96 /* find_wordsApp.swift */; };
		D59B983C3055117F00726A96 /* RootView.swift in Sources */ = {isa = PBXBuildFile; fileRef = D59B983B3055117F00726A96 /* RootView.swift */; };
		FC0000000000000000000001 /* GameModels.swift in Sources */ = {isa = PBXBuildFile; fileRef = FB0000000000000000000001 /* GameModels.swift */; };
		FC0000000000000000000002 /* GameStore.swift in Sources */ = {isa = PBXBuildFile; fileRef = FB0000000000000000000002 /* GameStore.swift */; };
		FC0000000000000000000003 /* PartyTheme.swift in Sources */ = {isa = PBXBuildFile; fileRef = FB0000000000000000000003 /* PartyTheme.swift */; };
		FC0000000000000000000004 /* PartyComponents.swift in Sources */ = {isa = PBXBuildFile; fileRef = FB0000000000000000000004 /* PartyComponents.swift */; };
		FC0000000000000000000005 /* HomeView.swift in Sources */ = {isa = PBXBuildFile; fileRef = FB0000000000000000000005 /* HomeView.swift */; };
		FC0000000000000000000006 /* HowToPlayView.swift in Sources */ = {isa = PBXBuildFile; fileRef = FB0000000000000000000006 /* HowToPlayView.swift */; };
		FC0000000000000000000007 /* PlayerSetupView.swift in Sources */ = {isa = PBXBuildFile; fileRef = FB0000000000000000000007 /* PlayerSetupView.swift */; };
		FC0000000000000000000008 /* WordEntryView.swift in Sources */ = {isa = PBXBuildFile; fileRef = FB0000000000000000000008 /* WordEntryView.swift */; };
		FC0000000000000000000009 /* HandoffView.swift in Sources */ = {isa = PBXBuildFile; fileRef = FB0000000000000000000009 /* HandoffView.swift */; };
		FC0000000000000000000010 /* RoundPlayView.swift in Sources */ = {isa = PBXBuildFile; fileRef = FB0000000000000000000010 /* RoundPlayView.swift */; };
		FC0000000000000000000011 /* RoundResultView.swift in Sources */ = {isa = PBXBuildFile; fileRef = FB0000000000000000000011 /* RoundResultView.swift */; };
		FC0000000000000000000012 /* GameOverView.swift in Sources */ = {isa = PBXBuildFile; fileRef = FB0000000000000000000012 /* GameOverView.swift */; };
		D59B983E3055118100726A96 /* Assets.xcassets in Resources */ = {isa = PBXBuildFile; fileRef = D59B983D3055118100726A96 /* Assets.xcassets */; };
		D59B98413055118100726A96 /* Preview Assets.xcassets in Resources */ = {isa = PBXBuildFile; fileRef = D59B98403055118100726A96 /* Preview Assets.xcassets */; };
/* End PBXBuildFile section */

/* Begin PBXFileReference section */
		D59B98363055117F00726A96 /* find_words.app */ = {isa = PBXFileReference; explicitFileType = wrapper.application; includeInIndex = 0; path = find_words.app; sourceTree = BUILT_PRODUCTS_DIR; };
		D59B98393055117F00726A96 /* find_wordsApp.swift */ = {isa = PBXFileReference; lastKnownFileType = sourcecode.swift; path = find_wordsApp.swift; sourceTree = "<group>"; };
		D59B983B3055117F00726A96 /* RootView.swift */ = {isa = PBXFileReference; lastKnownFileType = sourcecode.swift; path = RootView.swift; sourceTree = "<group>"; };
		FB0000000000000000000001 /* GameModels.swift */ = {isa = PBXFileReference; lastKnownFileType = sourcecode.swift; path = GameModels.swift; sourceTree = "<group>"; };
		FB0000000000000000000002 /* GameStore.swift */ = {isa = PBXFileReference; lastKnownFileType = sourcecode.swift; path = GameStore.swift; sourceTree = "<group>"; };
		FB0000000000000000000003 /* PartyTheme.swift */ = {isa = PBXFileReference; lastKnownFileType = sourcecode.swift; path = PartyTheme.swift; sourceTree = "<group>"; };
		FB0000000000000000000004 /* PartyComponents.swift */ = {isa = PBXFileReference; lastKnownFileType = sourcecode.swift; path = PartyComponents.swift; sourceTree = "<group>"; };
		FB0000000000000000000005 /* HomeView.swift */ = {isa = PBXFileReference; lastKnownFileType = sourcecode.swift; path = HomeView.swift; sourceTree = "<group>"; };
		FB0000000000000000000006 /* HowToPlayView.swift */ = {isa = PBXFileReference; lastKnownFileType = sourcecode.swift; path = HowToPlayView.swift; sourceTree = "<group>"; };
		FB0000000000000000000007 /* PlayerSetupView.swift */ = {isa = PBXFileReference; lastKnownFileType = sourcecode.swift; path = PlayerSetupView.swift; sourceTree = "<group>"; };
		FB0000000000000000000008 /* WordEntryView.swift */ = {isa = PBXFileReference; lastKnownFileType = sourcecode.swift; path = WordEntryView.swift; sourceTree = "<group>"; };
		FB0000000000000000000009 /* HandoffView.swift */ = {isa = PBXFileReference; lastKnownFileType = sourcecode.swift; path = HandoffView.swift; sourceTree = "<group>"; };
		FB0000000000000000000010 /* RoundPlayView.swift */ = {isa = PBXFileReference; lastKnownFileType = sourcecode.swift; path = RoundPlayView.swift; sourceTree = "<group>"; };
		FB0000000000000000000011 /* RoundResultView.swift */ = {isa = PBXFileReference; lastKnownFileType = sourcecode.swift; path = RoundResultView.swift; sourceTree = "<group>"; };
		FB0000000000000000000012 /* GameOverView.swift */ = {isa = PBXFileReference; lastKnownFileType = sourcecode.swift; path = GameOverView.swift; sourceTree = "<group>"; };
		D59B983D3055118100726A96 /* Assets.xcassets */ = {isa = PBXFileReference; lastKnownFileType = folder.assetcatalog; path = Assets.xcassets; sourceTree = "<group>"; };
		D59B98403055118100726A96 /* Preview Assets.xcassets */ = {isa = PBXFileReference; lastKnownFileType = folder.assetcatalog; path = "Preview Assets.xcassets"; sourceTree = "<group>"; };
/* End PBXFileReference section */

/* Begin PBXFrameworksBuildPhase section */
		D59B98333055117F00726A96 /* Frameworks */ = {
			isa = PBXFrameworksBuildPhase;
			buildActionMask = 2147483647;
			files = (
			);
			runOnlyForDeploymentPostprocessing = 0;
		};
/* End PBXFrameworksBuildPhase section */

/* Begin PBXGroup section */
		D59B982D3055117F00726A96 = {
			isa = PBXGroup;
			children = (
				D59B98383055117F00726A96 /* find_words */,
				D59B98373055117F00726A96 /* Products */,
			);
			sourceTree = "<group>";
		};
		D59B98373055117F00726A96 /* Products */ = {
			isa = PBXGroup;
			children = (
				D59B98363055117F00726A96 /* find_words.app */,
			);
			name = Products;
			sourceTree = "<group>";
		};
		D59B98383055117F00726A96 /* find_words */ = {
			isa = PBXGroup;
			children = (
				D59B98393055117F00726A96 /* find_wordsApp.swift */,
				D59B983B3055117F00726A96 /* RootView.swift */,
				FD0000000000000000000002 /* Theme */,
				FD0000000000000000000001 /* Models */,
				FD0000000000000000000003 /* Components */,
				FD0000000000000000000004 /* Views */,
				D59B983D3055118100726A96 /* Assets.xcassets */,
				D59B983F3055118100726A96 /* Preview Content */,
			);
			path = find_words;
			sourceTree = "<group>";
		};
		D59B983F3055118100726A96 /* Preview Content */ = {
			isa = PBXGroup;
			children = (
				D59B98403055118100726A96 /* Preview Assets.xcassets */,
			);
			path = "Preview Content";
			sourceTree = "<group>";
		};
		FD0000000000000000000001 /* Models */ = {
			isa = PBXGroup;
			children = (
				FB0000000000000000000001 /* GameModels.swift */,
				FB0000000000000000000002 /* GameStore.swift */,
			);
			path = Models;
			sourceTree = "<group>";
		};
		FD0000000000000000000002 /* Theme */ = {
			isa = PBXGroup;
			children = (
				FB0000000000000000000003 /* PartyTheme.swift */,
			);
			path = Theme;
			sourceTree = "<group>";
		};
		FD0000000000000000000003 /* Components */ = {
			isa = PBXGroup;
			children = (
				FB0000000000000000000004 /* PartyComponents.swift */,
			);
			path = Components;
			sourceTree = "<group>";
		};
		FD0000000000000000000004 /* Views */ = {
			isa = PBXGroup;
			children = (
				FB0000000000000000000005 /* HomeView.swift */,
				FB0000000000000000000006 /* HowToPlayView.swift */,
				FB0000000000000000000007 /* PlayerSetupView.swift */,
				FB0000000000000000000008 /* WordEntryView.swift */,
				FB0000000000000000000009 /* HandoffView.swift */,
				FB0000000000000000000010 /* RoundPlayView.swift */,
				FB0000000000000000000011 /* RoundResultView.swift */,
				FB0000000000000000000012 /* GameOverView.swift */,
			);
			path = Views;
			sourceTree = "<group>";
		};
/* End PBXGroup section */

/* Begin PBXNativeTarget section */
		D59B98353055117F00726A96 /* find_words */ = {
			isa = PBXNativeTarget;
			buildConfigurationList = D59B98443055118100726A96 /* Build configuration list for PBXNativeTarget "find_words" */;
			buildPhases = (
				D59B98323055117F00726A96 /* Sources */,
				D59B98333055117F00726A96 /* Frameworks */,
				D59B98343055117F00726A96 /* Resources */,
			);
			buildRules = (
			);
			dependencies = (
			);
			name = find_words;
			productName = find_words;
			productReference = D59B98363055117F00726A96 /* find_words.app */;
			productType = "com.apple.product-type.application";
		};
/* End PBXNativeTarget section */

/* Begin PBXProject section */
		D59B982E3055117F00726A96 /* Project object */ = {
			isa = PBXProject;
			attributes = {
				BuildIndependentTargetsInParallel = 1;
				LastSwiftUpdateCheck = 1520;
				LastUpgradeCheck = 1520;
				TargetAttributes = {
					D59B98353055117F00726A96 = {
						CreatedOnToolsVersion = 15.2;
					};
				};
			};
			buildConfigurationList = D59B98313055117F00726A96 /* Build configuration list for PBXProject "find_words" */;
			compatibilityVersion = "Xcode 14.0";
			developmentRegion = en;
			hasScannedForEncodings = 0;
			knownRegions = (
				en,
				Base,
			);
			mainGroup = D59B982D3055117F00726A96;
			productRefGroup = D59B98373055117F00726A96 /* Products */;
			projectDirPath = "";
			projectRoot = "";
			targets = (
				D59B98353055117F00726A96 /* find_words */,
			);
		};
/* End PBXProject section */

/* Begin PBXResourcesBuildPhase section */
		D59B98343055117F00726A96 /* Resources */ = {
			isa = PBXResourcesBuildPhase;
			buildActionMask = 2147483647;
			files = (
				D59B98413055118100726A96 /* Preview Assets.xcassets in Resources */,
				D59B983E3055118100726A96 /* Assets.xcassets in Resources */,
			);
			runOnlyForDeploymentPostprocessing = 0;
		};
/* End PBXResourcesBuildPhase section */

/* Begin PBXSourcesBuildPhase section */
		D59B98323055117F00726A96 /* Sources */ = {
			isa = PBXSourcesBuildPhase;
			buildActionMask = 2147483647;
			files = (
				D59B983C3055117F00726A96 /* RootView.swift in Sources */,
				FC0000000000000000000001 /* GameModels.swift in Sources */,
				FC0000000000000000000002 /* GameStore.swift in Sources */,
				FC0000000000000000000003 /* PartyTheme.swift in Sources */,
				FC0000000000000000000004 /* PartyComponents.swift in Sources */,
				FC0000000000000000000005 /* HomeView.swift in Sources */,
				FC0000000000000000000006 /* HowToPlayView.swift in Sources */,
				FC0000000000000000000007 /* PlayerSetupView.swift in Sources */,
				FC0000000000000000000008 /* WordEntryView.swift in Sources */,
				FC0000000000000000000009 /* HandoffView.swift in Sources */,
				FC0000000000000000000010 /* RoundPlayView.swift in Sources */,
				FC0000000000000000000011 /* RoundResultView.swift in Sources */,
				FC0000000000000000000012 /* GameOverView.swift in Sources */,
				D59B983A3055117F00726A96 /* find_wordsApp.swift in Sources */,
			);
			runOnlyForDeploymentPostprocessing = 0;
		};
/* End PBXSourcesBuildPhase section */

/* Begin XCBuildConfiguration section */
		D59B98423055118100726A96 /* Debug */ = {
			isa = XCBuildConfiguration;
			buildSettings = {
				ALWAYS_SEARCH_USER_PATHS = NO;
				ASSETCATALOG_COMPILER_GENERATE_SWIFT_ASSET_SYMBOL_EXTENSIONS = YES;
				CLANG_ANALYZER_NONNULL = YES;
				CLANG_ANALYZER_NUMBER_OBJECT_CONVERSION = YES_AGGRESSIVE;
				CLANG_CXX_LANGUAGE_STANDARD = "gnu++20";
				CLANG_ENABLE_MODULES = YES;
				CLANG_ENABLE_OBJC_ARC = YES;
				CLANG_ENABLE_OBJC_WEAK = YES;
				CLANG_WARN_BLOCK_CAPTURE_AUTORELEASING = YES;
				CLANG_WARN_BOOL_CONVERSION = YES;
				CLANG_WARN_COMMA = YES;
				CLANG_WARN_CONSTANT_CONVERSION = YES;
				CLANG_WARN_DEPRECATED_OBJC_IMPLEMENTATIONS = YES;
				CLANG_WARN_DIRECT_OBJC_ISA_USAGE = YES_ERROR;
				CLANG_WARN_DOCUMENTATION_COMMENTS = YES;
				CLANG_WARN_EMPTY_BODY = YES;
				CLANG_WARN_ENUM_CONVERSION = YES;
				CLANG_WARN_INFINITE_RECURSION = YES;
				CLANG_WARN_INT_CONVERSION = YES;
				CLANG_WARN_NON_LITERAL_NULL_CONVERSION = YES;
				CLANG_WARN_OBJC_IMPLICIT_RETAIN_SELF = YES;
				CLANG_WARN_OBJC_LITERAL_CONVERSION = YES;
				CLANG_WARN_OBJC_ROOT_CLASS = YES_ERROR;
				CLANG_WARN_QUOTED_INCLUDE_IN_FRAMEWORK_HEADER = YES;
				CLANG_WARN_RANGE_LOOP_ANALYSIS = YES;
				CLANG_WARN_STRICT_PROTOTYPES = YES;
				CLANG_WARN_SUSPICIOUS_MOVE = YES;
				CLANG_WARN_UNGUARDED_AVAILABILITY = YES_AGGRESSIVE;
				CLANG_WARN_UNREACHABLE_CODE = YES;
				CLANG_WARN__DUPLICATE_METHOD_MATCH = YES;
				COPY_PHASE_STRIP = NO;
				DEBUG_INFORMATION_FORMAT = dwarf;
				ENABLE_STRICT_OBJC_MSGSEND = YES;
				ENABLE_TESTABILITY = YES;
				ENABLE_USER_SCRIPT_SANDBOXING = YES;
				GCC_C_LANGUAGE_STANDARD = gnu17;
				GCC_DYNAMIC_NO_PIC = NO;
				GCC_NO_COMMON_BLOCKS = YES;
				GCC_OPTIMIZATION_LEVEL = 0;
				GCC_PREPROCESSOR_DEFINITIONS = (
					"DEBUG=1",
					"$(inherited)",
				);
				GCC_WARN_64_TO_32_BIT_CONVERSION = YES;
				GCC_WARN_ABOUT_RETURN_TYPE = YES_ERROR;
				GCC_WARN_UNDECLARED_SELECTOR = YES;
				GCC_WARN_UNINITIALIZED_AUTOS = YES_AGGRESSIVE;
				GCC_WARN_UNUSED_FUNCTION = YES;
				GCC_WARN_UNUSED_VARIABLE = YES;
				IPHONEOS_DEPLOYMENT_TARGET = 17.2;
				LOCALIZATION_PREFERS_STRING_CATALOGS = YES;
				MTL_ENABLE_DEBUG_INFO = INCLUDE_SOURCE;
				MTL_FAST_MATH = YES;
				ONLY_ACTIVE_ARCH = YES;
				SDKROOT = iphoneos;
				SWIFT_ACTIVE_COMPILATION_CONDITIONS = "DEBUG $(inherited)";
				SWIFT_OPTIMIZATION_LEVEL = "-Onone";
			};
			name = Debug;
		};
		D59B98433055118100726A96 /* Release */ = {
			isa = XCBuildConfiguration;
			buildSettings = {
				ALWAYS_SEARCH_USER_PATHS = NO;
				ASSETCATALOG_COMPILER_GENERATE_SWIFT_ASSET_SYMBOL_EXTENSIONS = YES;
				CLANG_ANALYZER_NONNULL = YES;
				CLANG_ANALYZER_NUMBER_OBJECT_CONVERSION = YES_AGGRESSIVE;
				CLANG_CXX_LANGUAGE_STANDARD = "gnu++20";
				CLANG_ENABLE_MODULES = YES;
				CLANG_ENABLE_OBJC_ARC = YES;
				CLANG_ENABLE_OBJC_WEAK = YES;
				CLANG_WARN_BLOCK_CAPTURE_AUTORELEASING = YES;
				CLANG_WARN_BOOL_CONVERSION = YES;
				CLANG_WARN_COMMA = YES;
				CLANG_WARN_CONSTANT_CONVERSION = YES;
				CLANG_WARN_DEPRECATED_OBJC_IMPLEMENTATIONS = YES;
				CLANG_WARN_DIRECT_OBJC_ISA_USAGE = YES_ERROR;
				CLANG_WARN_DOCUMENTATION_COMMENTS = YES;
				CLANG_WARN_EMPTY_BODY = YES;
				CLANG_WARN_ENUM_CONVERSION = YES;
				CLANG_WARN_INFINITE_RECURSION = YES;
				CLANG_WARN_INT_CONVERSION = YES;
				CLANG_WARN_NON_LITERAL_NULL_CONVERSION = YES;
				CLANG_WARN_OBJC_IMPLICIT_RETAIN_SELF = YES;
				CLANG_WARN_OBJC_LITERAL_CONVERSION = YES;
				CLANG_WARN_OBJC_ROOT_CLASS = YES_ERROR;
				CLANG_WARN_QUOTED_INCLUDE_IN_FRAMEWORK_HEADER = YES;
				CLANG_WARN_RANGE_LOOP_ANALYSIS = YES;
				CLANG_WARN_STRICT_PROTOTYPES = YES;
				CLANG_WARN_SUSPICIOUS_MOVE = YES;
				CLANG_WARN_UNGUARDED_AVAILABILITY = YES_AGGRESSIVE;
				CLANG_WARN_UNREACHABLE_CODE = YES;
				CLANG_WARN__DUPLICATE_METHOD_MATCH = YES;
				COPY_PHASE_STRIP = NO;
				DEBUG_INFORMATION_FORMAT = "dwarf-with-dsym";
				ENABLE_NS_ASSERTIONS = NO;
				ENABLE_STRICT_OBJC_MSGSEND = YES;
				ENABLE_USER_SCRIPT_SANDBOXING = YES;
				GCC_C_LANGUAGE_STANDARD = gnu17;
				GCC_NO_COMMON_BLOCKS = YES;
				GCC_WARN_64_TO_32_BIT_CONVERSION = YES;
				GCC_WARN_ABOUT_RETURN_TYPE = YES_ERROR;
				GCC_WARN_UNDECLARED_SELECTOR = YES;
				GCC_WARN_UNINITIALIZED_AUTOS = YES_AGGRESSIVE;
				GCC_WARN_UNUSED_FUNCTION = YES;
				GCC_WARN_UNUSED_VARIABLE = YES;
				IPHONEOS_DEPLOYMENT_TARGET = 17.2;
				LOCALIZATION_PREFERS_STRING_CATALOGS = YES;
				MTL_ENABLE_DEBUG_INFO = NO;
				MTL_FAST_MATH = YES;
				SDKROOT = iphoneos;
				SWIFT_COMPILATION_MODE = wholemodule;
				VALIDATE_PRODUCT = YES;
			};
			name = Release;
		};
		D59B98453055118100726A96 /* Debug */ = {
			isa = XCBuildConfiguration;
			buildSettings = {
				ASSETCATALOG_COMPILER_APPICON_NAME = AppIcon;
				ASSETCATALOG_COMPILER_GLOBAL_ACCENT_COLOR_NAME = AccentColor;
				CODE_SIGN_STYLE = Automatic;
				CURRENT_PROJECT_VERSION = 1;
				DEVELOPMENT_ASSET_PATHS = "\"find_words/Preview Content\"";
				ENABLE_PREVIEWS = YES;
				GENERATE_INFOPLIST_FILE = YES;
				INFOPLIST_KEY_UIApplicationSceneManifest_Generation = YES;
				INFOPLIST_KEY_UIApplicationSupportsIndirectInputEvents = YES;
				INFOPLIST_KEY_UILaunchScreen_Generation = YES;
				INFOPLIST_KEY_UISupportedInterfaceOrientations_iPad = "UIInterfaceOrientationPortrait UIInterfaceOrientationPortraitUpsideDown UIInterfaceOrientationLandscapeLeft UIInterfaceOrientationLandscapeRight";
				INFOPLIST_KEY_UISupportedInterfaceOrientations_iPhone = "UIInterfaceOrientationPortrait UIInterfaceOrientationLandscapeLeft UIInterfaceOrientationLandscapeRight";
				LD_RUNPATH_SEARCH_PATHS = (
					"$(inherited)",
					"@executable_path/Frameworks",
				);
				MARKETING_VERSION = 1.0;
				PRODUCT_BUNDLE_IDENTIFIER = "com.shy.myapp.find-words";
				PRODUCT_NAME = "$(TARGET_NAME)";
				SWIFT_EMIT_LOC_STRINGS = YES;
				SWIFT_VERSION = 5.0;
								INFOPLIST_KEY_CFBundleDisplayName = "Find Words";
				TARGETED_DEVICE_FAMILY = "1,2";
			};
			name = Debug;
		};
		D59B98463055118100726A96 /* Release */ = {
			isa = XCBuildConfiguration;
			buildSettings = {
				ASSETCATALOG_COMPILER_APPICON_NAME = AppIcon;
				ASSETCATALOG_COMPILER_GLOBAL_ACCENT_COLOR_NAME = AccentColor;
				CODE_SIGN_STYLE = Automatic;
				CURRENT_PROJECT_VERSION = 1;
				DEVELOPMENT_ASSET_PATHS = "\"find_words/Preview Content\"";
				ENABLE_PREVIEWS = YES;
				GENERATE_INFOPLIST_FILE = YES;
				INFOPLIST_KEY_UIApplicationSceneManifest_Generation = YES;
				INFOPLIST_KEY_UIApplicationSupportsIndirectInputEvents = YES;
				INFOPLIST_KEY_UILaunchScreen_Generation = YES;
				INFOPLIST_KEY_UISupportedInterfaceOrientations_iPad = "UIInterfaceOrientationPortrait UIInterfaceOrientationPortraitUpsideDown UIInterfaceOrientationLandscapeLeft UIInterfaceOrientationLandscapeRight";
				INFOPLIST_KEY_UISupportedInterfaceOrientations_iPhone = "UIInterfaceOrientationPortrait UIInterfaceOrientationLandscapeLeft UIInterfaceOrientationLandscapeRight";
				LD_RUNPATH_SEARCH_PATHS = (
					"$(inherited)",
					"@executable_path/Frameworks",
				);
				MARKETING_VERSION = 1.0;
				PRODUCT_BUNDLE_IDENTIFIER = "com.shy.myapp.find-words";
				PRODUCT_NAME = "$(TARGET_NAME)";
				SWIFT_EMIT_LOC_STRINGS = YES;
				SWIFT_VERSION = 5.0;
								INFOPLIST_KEY_CFBundleDisplayName = "Find Words";
				TARGETED_DEVICE_FAMILY = "1,2";
			};
			name = Release;
		};
/* End XCBuildConfiguration section */

/* Begin XCConfigurationList section */
		D59B98313055117F00726A96 /* Build configuration list for PBXProject "find_words" */ = {
			isa = XCConfigurationList;
			buildConfigurations = (
				D59B98423055118100726A96 /* Debug */,
				D59B98433055118100726A96 /* Release */,
			);
			defaultConfigurationIsVisible = 0;
			defaultConfigurationName = Release;
		};
		D59B98443055118100726A96 /* Build configuration list for PBXNativeTarget "find_words" */ = {
			isa = XCConfigurationList;
			buildConfigurations = (
				D59B98453055118100726A96 /* Debug */,
				D59B98463055118100726A96 /* Release */,
			);
			defaultConfigurationIsVisible = 0;
			defaultConfigurationName = Release;
		};
/* End XCConfigurationList section */
	};
	rootObject = D59B982E3055117F00726A96 /* Project object */;
}
